<?xml version="1.0" encoding="utf-8"?>
<Project ToolsVersion="4.0" xmlns="http://schemas.microsoft.com/developer/msbuild/2003">
  <ItemGroup>
    <Filter Include="Source Files">
      <UniqueIdentifier>{4FC737F1-C7A5-4376-A066-2A32D752A2FF}</UniqueIdentifier>
      <Extensions>cpp;c;cc;cxx;def;odl;idl;hpj;bat;asm;asmx</Extensions>
    </Filter>
    <Filter Include="Header Files">
      <UniqueIdentifier>{93995380-89BD-4b04-88EB-625FBE52EBFB}</UniqueIdentifier>
      <Extensions>h;hh;hpp;hxx;hm;inl;inc;xsd</Extensions>
    </Filter>
  </ItemGroup>
  <ItemGroup>
    <ClInclude Include="..\OsInterface\inc\CAes256.h">
      <Filter>Header Files</Filter>
    </ClInclude>
    <ClInclude Include="..\OsInterface\inc\CBaseBlock.h">
      <Filter>Header Files</Filter>
    </ClInclude>
    <ClInclude Include="..\OsInterface\inc\CBaseCommPort.h">
      <Filter>Header Files</Filter>
    </ClInclude>
    <ClInclude Include="..\OsInterface\inc\CBaseController.h">
      <Filter>Header Files</Filter>
    </ClInclude>
    <ClInclude Include="..\OsInterface\inc\CBaseCryptoProto.h">
      <Filter>Header Files</Filter>
    </ClInclude>
    <ClInclude Include="..\OsInterface\inc\CBaseCypher.h">
      <Filter>Header Files</Filter>
    </ClInclude>
    <ClInclude Include="..\OsInterface\inc\CBaseDownloader.h">
      <Filter>Header Files</Filter>
    </ClInclude>
    <ClInclude Include="..\OsInterface\inc\CBaseHandler.h">
      <Filter>Header Files</Filter>
    </ClInclude>
    <ClInclude Include="..\OsInterface\inc\CBasePort.h">
      <Filter>Header Files</Filter>
    </ClInclude>
    <ClInclude Include="..\OsInterface\inc\CBaseSocketClient.h">
      <Filter>Header Files</Filter>
    </ClInclude>
    <ClInclude Include="..\OsInterface\inc\CBaseSocketServer.h">
      <Filter>Header Files</Filter>
    </ClInclude>
    <ClInclude Include="..\OsInterface\inc\CBaseSpiPort.h">
      <Filter>Header Files</Filter>
    </ClInclude>
    <ClInclude Include="..\OsInterface\inc\CCircularBuffer.h">
      <Filter>Header Files</Filter>
    </ClInclude>
    <ClInclude Include="..\OsInterface\inc\CControlLogger.h">
      <Filter>Header Files</Filter>
    </ClInclude>
    <ClInclude Include="..\OsInterface\inc\CCryptoProto.h">
      <Filter>Header Files</Filter>
    </ClInclude>
    <ClInclude Include="..\OsInterface\inc\CCurrentTime.h">
      <Filter>Header Files</Filter>
    </ClInclude>
    <ClInclude Include="..\OsInterface\inc\CDefaultDevice.h">
      <Filter>Header Files</Filter>
    </ClInclude>
    <ClInclude Include="..\OsInterface\inc\CDefaultHardware.h">
      <Filter>Header Files</Filter>
    </ClInclude>
    <ClInclude Include="..\OsInterface\inc\CDefaultLogger.h">
      <Filter>Header Files</Filter>
    </ClInclude>
    <ClInclude Include="..\OsInterface\inc\CFile.h">
      <Filter>Header Files</Filter>
    </ClInclude>
    <ClInclude Include="..\OsInterface\inc\CFileDownloader.h">
      <Filter>Header Files</Filter>
    </ClInclude>
    <ClInclude Include="..\OsInterface\inc\CGenericDevice.h">
      <Filter>Header Files</Filter>
    </ClInclude>
    <ClInclude Include="..\OsInterface\inc\CGenericHardware.h">
      <Filter>Header Files</Filter>
    </ClInclude>
    <ClInclude Include="..\OsInterface\inc\CGenericMessage.h">
      <Filter>Header Files</Filter>
    </ClInclude>
    <ClInclude Include="..\OsInterface\inc\CGenericMessageManager.h">
      <Filter>Header Files</Filter>
    </ClInclude>
    <ClInclude Include="..\OsInterface\inc\CGenericSoftware.h">
      <Filter>Header Files</Filter>
    </ClInclude>
    <ClInclude Include="..\OsInterface\inc\CGenericTestPort.h">
      <Filter>Header Files</Filter>
    </ClInclude>
    <ClInclude Include="..\OsInterface\inc\CGenericTime.h">
      <Filter>Header Files</Filter>
    </ClInclude>
    <ClInclude Include="..\OsInterface\inc\CHardware.h">
      <Filter>Header Files</Filter>
    </ClInclude>
    <ClInclude Include="..\OsInterface\inc\CLinuxCommPort.h">
      <Filter>Header Files</Filter>
    </ClInclude>
    <ClInclude Include="..\OsInterface\inc\CLinuxSoftware.h">
      <Filter>Header Files</Filter>
    </ClInclude>
    <ClInclude Include="..\OsInterface\inc\CMapToPointer.h">
      <Filter>Header Files</Filter>
    </ClInclude>
    <ClInclude Include="..\OsInterface\inc\CMessageManager.h">
      <Filter>Header Files</Filter>
    </ClInclude>
    <ClInclude Include="..\OsInterface\inc\CPort.h">
      <Filter>Header Files</Filter>
    </ClInclude>
    <ClInclude Include="..\OsInterface\inc\CProtocol.h">
      <Filter>Header Files</Filter>
    </ClInclude>
    <ClInclude Include="..\OsInterface\inc\CRawData.h">
      <Filter>Header Files</Filter>
    </ClInclude>
    <ClInclude Include="..\OsInterface\inc\CSocketClient.h">
      <Filter>Header Files</Filter>
    </ClInclude>
    <ClInclude Include="..\OsInterface\inc\CSocketServer.h">
      <Filter>Header Files</Filter>
    </ClInclude>
    <ClInclude Include="..\OsInterface\inc\CSpiPort.h">
      <Filter>Header Files</Filter>
    </ClInclude>
    <ClInclude Include="..\OsInterface\inc\CTestSpiPort.h">
      <Filter>Header Files</Filter>
    </ClInclude>
    <ClInclude Include="..\OsInterface\inc\CVxWorkCommPort.h">
      <Filter>Header Files</Filter>
    </ClInclude>
    <ClInclude Include="..\OsInterface\inc\CVxWorkSoftware.h">
      <Filter>Header Files</Filter>
    </ClInclude>
    <ClInclude Include="..\OsInterface\inc\CWindowsCommPort.h">
      <Filter>Header Files</Filter>
    </ClInclude>
    <ClInclude Include="..\OsInterface\inc\CWindowsSoftware.h">
      <Filter>Header Files</Filter>
    </ClInclude>
    <ClInclude Include="..\OsInterface\inc\CZeroTime.h">
      <Filter>Header Files</Filter>
    </ClInclude>
    <ClInclude Include="..\OsInterface\inc\hardware_configure.h">
      <Filter>Header Files</Filter>
    </ClInclude>
    <ClInclude Include="..\OsInterface\inc\IBlock.h">
      <Filter>Header Files</Filter>
    </ClInclude>
    <ClInclude Include="..\OsInterface\inc\ICommPort.h">
      <Filter>Header Files</Filter>
    </ClInclude>
    <ClInclude Include="..\OsInterface\inc\IController.h">
      <Filter>Header Files</Filter>
    </ClInclude>
    <ClInclude Include="..\OsInterface\inc\ICryptoProto.h">
      <Filter>Header Files</Filter>
    </ClInclude>
    <ClInclude Include="..\OsInterface\inc\ICypher.h">
      <Filter>Header Files</Filter>
    </ClInclude>
    <ClInclude Include="..\OsInterface\inc\IDevice.h">
      <Filter>Header Files</Filter>
    </ClInclude>
    <ClInclude Include="..\OsInterface\inc\IDownload.h">
      <Filter>Header Files</Filter>
    </ClInclude>
    <ClInclude Include="..\OsInterface\inc\IFile.h">
      <Filter>Header Files</Filter>
    </ClInclude>
    <ClInclude Include="..\OsInterface\inc\IHandler.h">
      <Filter>Header Files</Filter>
    </ClInclude>
    <ClInclude Include="..\OsInterface\inc\IHardware.h">
      <Filter>Header Files</Filter>
    </ClInclude>
    <ClInclude Include="..\OsInterface\inc\ILogger.h">
      <Filter>Header Files</Filter>
    </ClInclude>
    <ClInclude Include="..\OsInterface\inc\IMapToPointer.h">
      <Filter>Header Files</Filter>
    </ClInclude>
    <ClInclude Include="..\OsInterface\inc\IMessage.h">
      <Filter>Header Files</Filter>
    </ClInclude>
    <ClInclude Include="..\OsInterface\inc\IMessageFactory.h">
      <Filter>Header Files</Filter>
    </ClInclude>
    <ClInclude Include="..\OsInterface\inc\IMessageManager.h">
      <Filter>Header Files</Filter>
    </ClInclude>
    <ClInclude Include="..\OsInterface\inc\IPort.h">
      <Filter>Header Files</Filter>
    </ClInclude>
    <ClInclude Include="..\OsInterface\inc\IProtocol.h">
      <Filter>Header Files</Filter>
    </ClInclude>
    <ClInclude Include="..\OsInterface\inc\IRawData.h">
      <Filter>Header Files</Filter>
    </ClInclude>
    <ClInclude Include="..\OsInterface\inc\ISocketClient.h">
      <Filter>Header Files</Filter>
    </ClInclude>
    <ClInclude Include="..\OsInterface\inc\ISocketServer.h">
      <Filter>Header Files</Filter>
    </ClInclude>
    <ClInclude Include="..\OsInterface\inc\ISoftware.h">
      <Filter>Header Files</Filter>
    </ClInclude>
    <ClInclude Include="..\OsInterface\inc\ISpiPort.h">
      <Filter>Header Files</Filter>
    </ClInclude>
    <ClInclude Include="..\OsInterface\inc\ITime.h">
      <Filter>Header Files</Filter>
    </ClInclude>
    <ClInclude Include="..\OsInterface\inc\debug.h">
      <Filter>Header Files</Filter>
    </ClInclude>
  </ItemGroup>
  <ItemGroup>
    <ClCompile Include="..\OsInterface\src\CAes256.cpp">
      <Filter>Source Files</Filter>
    </ClCompile>
    <ClCompile Include="..\OsInterface\src\CBaseBlock.cpp">
      <Filter>Source Files</Filter>
    </ClCompile>
    <ClCompile Include="..\OsInterface\src\CControlLogger.cpp">
      <Filter>Source Files</Filter>
    </ClCompile>
    <ClCompile Include="..\OsInterface\src\CCryptoProto.cpp">
      <Filter>Source Files</Filter>
    </ClCompile>
    <ClCompile Include="..\OsInterface\src\CDefaultDevice.cpp">
      <Filter>Source Files</Filter>
    </ClCompile>
    <ClCompile Include="..\OsInterface\src\CDefaultHardware.cpp">
      <Filter>Source Files</Filter>
    </ClCompile>
    <ClCompile Include="..\OsInterface\src\CDefaultLogger.cpp">
      <Filter>Source Files</Filter>
    </ClCompile>
    <ClCompile Include="..\OsInterface\src\CFileDownloader.cpp">
      <Filter>Source Files</Filter>
    </ClCompile>
    <ClCompile Include="..\OsInterface\src\CGenericDevice.cpp">
      <Filter>Source Files</Filter>
    </ClCompile>
    <ClCompile Include="..\OsInterface\src\CGenericHardware.cpp">
      <Filter>Source Files</Filter>
    </ClCompile>
    <ClCompile Include="..\OsInterface\src\CGenericMessage.cpp">
      <Filter>Source Files</Filter>
    </ClCompile>
    <ClCompile Include="..\OsInterface\src\CGenericMessageManager.cpp">
      <Filter>Source Files</Filter>
    </ClCompile>
    <ClCompile Include="..\OsInterface\src\CGenericSoftware.cpp">
      <Filter>Source Files</Filter>
    </ClCompile>
    <ClCompile Include="..\OsInterface\src\CGenericTestPort.cpp">
      <Filter>Source Files</Filter>
    </ClCompile>
    <ClCompile Include="..\OsInterface\src\CGenericTime.cpp">
      <Filter>Source Files</Filter>
    </ClCompile>
    <ClCompile Include="..\OsInterface\src\CLinuxCommPort.cpp">
      <Filter>Source Files</Filter>
    </ClCompile>
    <ClCompile Include="..\OsInterface\src\CLinuxCurrentTime.cpp">
      <Filter>Source Files</Filter>
    </ClCompile>
    <ClCompile Include="..\OsInterface\src\CLinuxFile.cpp">
      <Filter>Source Files</Filter>
    </ClCompile>
    <ClCompile Include="..\OsInterface\src\CLinuxHardware.cpp">
      <Filter>Source Files</Filter>
    </ClCompile>
    <ClCompile Include="..\OsInterface\src\CLinuxPort.cpp">
      <Filter>Source Files</Filter>
    </ClCompile>
    <ClCompile Include="..\OsInterface\src\CLinuxSocketClient.cpp">
      <Filter>Source Files</Filter>
    </ClCompile>
    <ClCompile Include="..\OsInterface\src\CLinuxSocketServer.cpp">
      <Filter>Source Files</Filter>
    </ClCompile>
    <ClCompile Include="..\OsInterface\src\CLinuxSoftware.cpp">
      <Filter>Source Files</Filter>
    </ClCompile>
    <ClCompile Include="..\OsInterface\src\CLinuxSpiPort.cpp">
      <Filter>Source Files</Filter>
    </ClCompile>
    <ClCompile Include="..\OsInterface\src\CLinuxZeroTime.cpp">
      <Filter>Source Files</Filter>
    </ClCompile>
    <ClCompile Include="..\OsInterface\src\CMapToPointer.cpp">
      <Filter>Source Files</Filter>
    </ClCompile>
    <ClCompile Include="..\OsInterface\src\CMessageManager.cpp">
      <Filter>Source Files</Filter>
    </ClCompile>
    <ClCompile Include="..\OsInterface\src\CProtocol.cpp">
      <Filter>Source Files</Filter>
    </ClCompile>
    <ClCompile Include="..\OsInterface\src\CRawData.cpp">
      <Filter>Source Files</Filter>
    </ClCompile>
    <ClCompile Include="..\OsInterface\src\CVxWorkCommPort.cpp">
      <Filter>Source Files</Filter>
    </ClCompile>
    <ClCompile Include="..\OsInterface\src\CVxWorkHardware.cpp">
      <Filter>Source Files</Filter>
    </ClCompile>
    <ClCompile Include="..\OsInterface\src\CVxWorkSoftware.cpp">
      <Filter>Source Files</Filter>
    </ClCompile>
    <ClCompile Include="..\OsInterface\src\CVxWorkSpiPort.cpp">
      <Filter>Source Files</Filter>
    </ClCompile>
    <ClCompile Include="..\OsInterface\src\CVxWorkThread.cpp">
      <Filter>Source Files</Filter>
    </ClCompile>
    <ClCompile Include="..\OsInterface\src\CWindowsCommPort.cpp">
      <Filter>Source Files</Filter>
    </ClCompile>
    <ClCompile Include="..\OsInterface\src\CWindowsCurrentTime.cpp">
      <Filter>Source Files</Filter>
    </ClCompile>
    <ClCompile Include="..\OsInterface\src\CWindowsFile.cpp">
      <Filter>Source Files</Filter>
    </ClCompile>
    <ClCompile Include="..\OsInterface\src\CWindowsHardware.cpp">
      <Filter>Source Files</Filter>
    </ClCompile>
    <ClCompile Include="..\OsInterface\src\CWindowsPort.cpp">
      <Filter>Source Files</Filter>
    </ClCompile>
    <ClCompile Include="..\OsInterface\src\CWindowsSocketClient.cpp">
      <Filter>Source Files</Filter>
    </ClCompile>
    <ClCompile Include="..\OsInterface\src\CWindowsSocketServer.cpp">
      <Filter>Source Files</Filter>
    </ClCompile>
    <ClCompile Include="..\OsInterface\src\CWindowsSoftware.cpp">
      <Filter>Source Files</Filter>
    </ClCompile>
    <ClCompile Include="..\OsInterface\src\CWindowsSpiPort.cpp">
      <Filter>Source Files</Filter>
    </ClCompile>
    <ClCompile Include="..\OsInterface\src\CWindowsZeroTime.cpp">
      <Filter>Source Files</Filter>
    </ClCompile>
    <ClCompile Include="..\OsInterface\src\debug.c">
      <Filter>Source Files</Filter>
    </ClCompile>
  </ItemGroup>
</Project>